
Microsoft Visual Studio Solution File, Format Version 12.00
# Visual Studio Version 16
VisualStudioVersion = 16.0.32510.428
MinimumVisualStudioVersion = 10.0.40219.1
Project("{9A19103F-16F7-4668-BE54-9A1E7A4F7556}") = "TextEditor", "TextEditor.csproj", "{C3C2BBAA-FEBE-4489-B3CA-97718C94C72A}"
EndProject
Global
	GlobalSection(SolutionConfigurationPlatforms) = preSolution
		Debug|Any CPU = Debug|Any CPU
		Release|Any CPU = Release|Any CPU
	EndGlobalSection
	GlobalSection(ProjectConfigurationPlatforms) = postSolution
		{C3C2BBAA-FEBE-4489-B3CA-97718C94C72A}.Debug|Any CPU.ActiveCfg = Debug|Any CPU
		{C3C2BBAA-FEBE-4489-B3CA-97718C94C72A}.Debug|Any CPU.Build.0 = Debug|Any CPU
		{C3C2BBAA-FEBE-4489-B3CA-97718C94C72A}.Release|Any CPU.ActiveCfg = Release|Any CPU
		{C3C2BBAA-FEBE-4489-B3CA-97718C94C72A}.Release|Any CPU.Build.0 = Release|Any CPU
	EndGlobalSection
	GlobalSection(SolutionProperties) = preSolution
		HideSolutionNode = FALSE
	EndGlobalSection
	GlobalSection(ExtensibilityGlobals) = postSolution
		SolutionGuid = {5B07F31E-E128-4967-BC25-1799F824BA9A}
	EndGlobalSection
EndGlobal
