
Microsoft Visual Studio Solution File, Format Version 12.00
# Visual Studio Version 16
VisualStudioVersion = 16.0.32510.428
MinimumVisualStudioVersion = 10.0.40219.1
Project("{FAE04EC0-301F-11D3-BF4B-00C04F79EFBC}") = "Indices", "Indices\Indices.csproj", "{AC57EB7C-A160-4349-AF10-3827D43B7886}"
EndProject
Global
	GlobalSection(SolutionConfigurationPlatforms) = preSolution
		Debug|Any CPU = Debug|Any CPU
		Release|Any CPU = Release|Any CPU
	EndGlobalSection
	GlobalSection(ProjectConfigurationPlatforms) = postSolution
		{AC57EB7C-A160-4349-AF10-3827D43B7886}.Debug|Any CPU.ActiveCfg = Debug|Any CPU
		{AC57EB7C-A160-4349-AF10-3827D43B7886}.Debug|Any CPU.Build.0 = Debug|Any CPU
		{AC57EB7C-A160-4349-AF10-3827D43B7886}.Release|Any CPU.ActiveCfg = Release|Any CPU
		{AC57EB7C-A160-4349-AF10-3827D43B7886}.Release|Any CPU.Build.0 = Release|Any CPU
	EndGlobalSection
	GlobalSection(SolutionProperties) = preSolution
		HideSolutionNode = FALSE
	EndGlobalSection
	GlobalSection(ExtensibilityGlobals) = postSolution
		SolutionGuid = {493066F5-1855-4B5D-B114-9CE53442F1B5}
	EndGlobalSection
EndGlobal
