
Microsoft Visual Studio Solution File, Format Version 12.00
# Visual Studio Version 16
VisualStudioVersion = 16.0.32510.428
MinimumVisualStudioVersion = 10.0.40219.1
Project("{FAE04EC0-301F-11D3-BF4B-00C04F79EFBC}") = "MetodosAdd", "MetodosAdd\MetodosAdd.csproj", "{57E02675-DE35-4639-BC84-8E96C57C43ED}"
EndProject
Global
	GlobalSection(SolutionConfigurationPlatforms) = preSolution
		Debug|Any CPU = Debug|Any CPU
		Release|Any CPU = Release|Any CPU
	EndGlobalSection
	GlobalSection(ProjectConfigurationPlatforms) = postSolution
		{57E02675-DE35-4639-BC84-8E96C57C43ED}.Debug|Any CPU.ActiveCfg = Debug|Any CPU
		{57E02675-DE35-4639-BC84-8E96C57C43ED}.Debug|Any CPU.Build.0 = Debug|Any CPU
		{57E02675-DE35-4639-BC84-8E96C57C43ED}.Release|Any CPU.ActiveCfg = Release|Any CPU
		{57E02675-DE35-4639-BC84-8E96C57C43ED}.Release|Any CPU.Build.0 = Release|Any CPU
	EndGlobalSection
	GlobalSection(SolutionProperties) = preSolution
		HideSolutionNode = FALSE
	EndGlobalSection
	GlobalSection(ExtensibilityGlobals) = postSolution
		SolutionGuid = {8805857B-58ED-4680-B5C0-CAD94DADF547}
	EndGlobalSection
EndGlobal
